
Microsoft Visual Studio Solution File, Format Version 12.00
# Visual Studio Version 16
VisualStudioVersion = 16.0.31410.357
MinimumVisualStudioVersion = 10.0.40219.1
Project("{FAE04EC0-301F-11D3-BF4B-00C04F79EFBC}") = "Klient", "Klient\Klient.csproj", "{9DC624B3-E8CB-4BDF-BE78-ACFD4DC00D3B}"
EndProject
Global
	GlobalSection(SolutionConfigurationPlatforms) = preSolution
		Debug|Any CPU = Debug|Any CPU
		Release|Any CPU = Release|Any CPU
	EndGlobalSection
	GlobalSection(ProjectConfigurationPlatforms) = postSolution
		{9DC624B3-E8CB-4BDF-BE78-ACFD4DC00D3B}.Debug|Any CPU.ActiveCfg = Debug|Any CPU
		{9DC624B3-E8CB-4BDF-BE78-ACFD4DC00D3B}.Debug|Any CPU.Build.0 = Debug|Any CPU
		{9DC624B3-E8CB-4BDF-BE78-ACFD4DC00D3B}.Release|Any CPU.ActiveCfg = Release|Any CPU
		{9DC624B3-E8CB-4BDF-BE78-ACFD4DC00D3B}.Release|Any CPU.Build.0 = Release|Any CPU
	EndGlobalSection
	GlobalSection(SolutionProperties) = preSolution
		HideSolutionNode = FALSE
	EndGlobalSection
	GlobalSection(ExtensibilityGlobals) = postSolution
		SolutionGuid = {6FCC4A62-7021-4753-8EC4-342AC40D7FCA}
	EndGlobalSection
EndGlobal
